
Microsoft Visual Studio Solution File, Format Version 12.00
# Visual Studio Version 17
VisualStudioVersion = 17.7.34024.191
MinimumVisualStudioVersion = 10.0.40219.1
Project("{FAE04EC0-301F-11D3-BF4B-00C04F79EFBC}") = "FinalProject", "FinalProject\FinalProject.csproj", "{C06F7B7F-CFFF-442E-90CC-90D37B29EC2A}"
EndProject
Global
	GlobalSection(SolutionConfigurationPlatforms) = preSolution
		Debug|Any CPU = Debug|Any CPU
		Release|Any CPU = Release|Any CPU
	EndGlobalSection
	GlobalSection(ProjectConfigurationPlatforms) = postSolution
		{C06F7B7F-CFFF-442E-90CC-90D37B29EC2A}.Debug|Any CPU.ActiveCfg = Debug|Any CPU
		{C06F7B7F-CFFF-442E-90CC-90D37B29EC2A}.Debug|Any CPU.Build.0 = Debug|Any CPU
		{C06F7B7F-CFFF-442E-90CC-90D37B29EC2A}.Release|Any CPU.ActiveCfg = Release|Any CPU
		{C06F7B7F-CFFF-442E-90CC-90D37B29EC2A}.Release|Any CPU.Build.0 = Release|Any CPU
	EndGlobalSection
	GlobalSection(SolutionProperties) = preSolution
		HideSolutionNode = FALSE
	EndGlobalSection
	GlobalSection(ExtensibilityGlobals) = postSolution
		SolutionGuid = {78DD6A98-B9ED-4138-9EC5-C1D7E8BB46C7}
	EndGlobalSection
EndGlobal
